
Microsoft Visual Studio Solution File, Format Version 12.00
# Visual Studio 15
VisualStudioVersion = 15.0.28307.539
MinimumVisualStudioVersion = 10.0.40219.1
Project("{FAE04EC0-301F-11D3-BF4B-00C04F79EFBC}") = "Propuesto1", "Propuesto1\Propuesto1.csproj", "{5BD6FDC1-8F31-4B28-B353-8B5A5AE09B50}"
EndProject
Global
	GlobalSection(SolutionConfigurationPlatforms) = preSolution
		Debug|Any CPU = Debug|Any CPU
		Release|Any CPU = Release|Any CPU
	EndGlobalSection
	GlobalSection(ProjectConfigurationPlatforms) = postSolution
		{5BD6FDC1-8F31-4B28-B353-8B5A5AE09B50}.Debug|Any CPU.ActiveCfg = Debug|Any CPU
		{5BD6FDC1-8F31-4B28-B353-8B5A5AE09B50}.Debug|Any CPU.Build.0 = Debug|Any CPU
		{5BD6FDC1-8F31-4B28-B353-8B5A5AE09B50}.Release|Any CPU.ActiveCfg = Release|Any CPU
		{5BD6FDC1-8F31-4B28-B353-8B5A5AE09B50}.Release|Any CPU.Build.0 = Release|Any CPU
	EndGlobalSection
	GlobalSection(SolutionProperties) = preSolution
		HideSolutionNode = FALSE
	EndGlobalSection
	GlobalSection(ExtensibilityGlobals) = postSolution
		SolutionGuid = {0354AE86-0EA8-4116-A8F8-28EF5266AFD4}
	EndGlobalSection
EndGlobal
